
Microsoft Visual Studio Solution File, Format Version 12.00
# Visual Studio 2013
VisualStudioVersion = 12.0.31101.0
MinimumVisualStudioVersion = 10.0.40219.1
Project("{FAE04EC0-301F-11D3-BF4B-00C04F79EFBC}") = "EliotJones.DataSet", "EliotJones.DataSet\EliotJones.DataSet.csproj", "{E749C305-103B-4D69-9982-7370924B1D52}"
EndProject
Project("{FAE04EC0-301F-11D3-BF4B-00C04F79EFBC}") = "EliotJones.DataSet.UnitTests", "EliotJones.DataSet.Tests\EliotJones.DataSet.UnitTests.csproj", "{DBDAFC94-E9AE-4C3A-9437-CD659737E5ED}"
EndProject
Project("{2150E333-8FDC-42A3-9474-1A3956D46DE8}") = ".nuget", ".nuget", "{F5189290-428A-4831-AE36-7C057C5D822B}"
	ProjectSection(SolutionItems) = preProject
		.nuget\NuGet.Config = .nuget\NuGet.Config
		.nuget\NuGet.exe = .nuget\NuGet.exe
		.nuget\NuGet.targets = .nuget\NuGet.targets
	EndProjectSection
EndProject
Project("{FAE04EC0-301F-11D3-BF4B-00C04F79EFBC}") = "EliotJones.DataSet.ConsoleRunner", "EliotJones.DataSet.ConsoleRunner\EliotJones.DataSet.ConsoleRunner.csproj", "{6D01BC25-24CB-4467-94B8-C7CD6521C7B4}"
EndProject
Project("{2150E333-8FDC-42A3-9474-1A3956D46DE8}") = "Solution Items", "Solution Items", "{C14EC6F6-9126-4425-9A9E-630113EF46C7}"
	ProjectSection(SolutionItems) = preProject
		Performance1.psess = Performance1.psess
	EndProjectSection
EndProject
Global
	GlobalSection(SolutionConfigurationPlatforms) = preSolution
		Debug|Any CPU = Debug|Any CPU
		Release|Any CPU = Release|Any CPU
	EndGlobalSection
	GlobalSection(ProjectConfigurationPlatforms) = postSolution
		{E749C305-103B-4D69-9982-7370924B1D52}.Debug|Any CPU.ActiveCfg = Debug|Any CPU
		{E749C305-103B-4D69-9982-7370924B1D52}.Debug|Any CPU.Build.0 = Debug|Any CPU
		{E749C305-103B-4D69-9982-7370924B1D52}.Release|Any CPU.ActiveCfg = Release|Any CPU
		{E749C305-103B-4D69-9982-7370924B1D52}.Release|Any CPU.Build.0 = Release|Any CPU
		{DBDAFC94-E9AE-4C3A-9437-CD659737E5ED}.Debug|Any CPU.ActiveCfg = Debug|Any CPU
		{DBDAFC94-E9AE-4C3A-9437-CD659737E5ED}.Debug|Any CPU.Build.0 = Debug|Any CPU
		{DBDAFC94-E9AE-4C3A-9437-CD659737E5ED}.Release|Any CPU.ActiveCfg = Release|Any CPU
		{DBDAFC94-E9AE-4C3A-9437-CD659737E5ED}.Release|Any CPU.Build.0 = Release|Any CPU
		{6D01BC25-24CB-4467-94B8-C7CD6521C7B4}.Debug|Any CPU.ActiveCfg = Debug|Any CPU
		{6D01BC25-24CB-4467-94B8-C7CD6521C7B4}.Debug|Any CPU.Build.0 = Debug|Any CPU
		{6D01BC25-24CB-4467-94B8-C7CD6521C7B4}.Release|Any CPU.ActiveCfg = Release|Any CPU
		{6D01BC25-24CB-4467-94B8-C7CD6521C7B4}.Release|Any CPU.Build.0 = Release|Any CPU
	EndGlobalSection
	GlobalSection(SolutionProperties) = preSolution
		HideSolutionNode = FALSE
	EndGlobalSection
EndGlobal
